// !$*UTF8*$!
{
	archiveVersion = 1;
	classes = {
	};
	objectVersion = 55;
	objects = {

/* Begin PBXBuildFile section */
		6D77602327797AE300F605C9 /* FirstTabViewController.swift in Sources */ = {isa = PBXBuildFile; fileRef = 6D77602227797AE300F605C9 /* FirstTabViewController.swift */; };
		6D77602627797BB700F605C9 /* SecondTabViewController.swift in Sources */ = {isa = PBXBuildFile; fileRef = 6D77602527797BB700F605C9 /* SecondTabViewController.swift */; };
		6D77602827797BF900F605C9 /* ThirdTabViewController.swift in Sources */ = {isa = PBXBuildFile; fileRef = 6D77602727797BF900F605C9 /* ThirdTabViewController.swift */; };
		6D77602A27797C2400F605C9 /* FourthTabViewController.swift in Sources */ = {isa = PBXBuildFile; fileRef = 6D77602927797C2400F605C9 /* FourthTabViewController.swift */; };
		6DB9102727725EE800B5C47B /* AppDelegate.swift in Sources */ = {isa = PBXBuildFile; fileRef = 6DB9102627725EE800B5C47B /* AppDelegate.swift */; };
		6DB9103027725EE900B5C47B /* Assets.xcassets in Resources */ = {isa = PBXBuildFile; fileRef = 6DB9102F27725EE900B5C47B /* Assets.xcassets */; };
		6DB9103327725EE900B5C47B /* LaunchScreen.storyboard in Resources */ = {isa = PBXBuildFile; fileRef = 6DB9103127725EE900B5C47B /* LaunchScreen.storyboard */; };
		6DE39FA62788F14000C6B370 /* Model.swift in Sources */ = {isa = PBXBuildFile; fileRef = 6DE39FA52788F14000C6B370 /* Model.swift */; };
		6DE39FAC278983C000C6B370 /* SetupSections.swift in Sources */ = {isa = PBXBuildFile; fileRef = 6DE39FAB278983C000C6B370 /* SetupSections.swift */; };
		6DE39FAE2789841400C6B370 /* VerticalSectionCell.swift in Sources */ = {isa = PBXBuildFile; fileRef = 6DE39FAD2789841400C6B370 /* VerticalSectionCell.swift */; };
		6DE39FB2278B289400C6B370 /* HorizontalSectionCell.swift in Sources */ = {isa = PBXBuildFile; fileRef = 6DE39FB1278B289400C6B370 /* HorizontalSectionCell.swift */; };
		6DE39FB4278B59B100C6B370 /* SectionHeader.swift in Sources */ = {isa = PBXBuildFile; fileRef = 6DE39FB3278B59B100C6B370 /* SectionHeader.swift */; };
		6DE39FB8278CAAD000C6B370 /* FirstSectionHeader.swift in Sources */ = {isa = PBXBuildFile; fileRef = 6DE39FB7278CAAD000C6B370 /* FirstSectionHeader.swift */; };
/* End PBXBuildFile section */

/* Begin PBXFileReference section */
		6D77602227797AE300F605C9 /* FirstTabViewController.swift */ = {isa = PBXFileReference; lastKnownFileType = sourcecode.swift; path = FirstTabViewController.swift; sourceTree = "<group>"; };
		6D77602527797BB700F605C9 /* SecondTabViewController.swift */ = {isa = PBXFileReference; lastKnownFileType = sourcecode.swift; path = SecondTabViewController.swift; sourceTree = "<group>"; };
		6D77602727797BF900F605C9 /* ThirdTabViewController.swift */ = {isa = PBXFileReference; lastKnownFileType = sourcecode.swift; path = ThirdTabViewController.swift; sourceTree = "<group>"; };
		6D77602927797C2400F605C9 /* FourthTabViewController.swift */ = {isa = PBXFileReference; lastKnownFileType = sourcecode.swift; path = FourthTabViewController.swift; sourceTree = "<group>"; };
		6DB9102327725EE800B5C47B /* HW13.app */ = {isa = PBXFileReference; explicitFileType = wrapper.application; includeInIndex = 0; path = HW13.app; sourceTree = BUILT_PRODUCTS_DIR; };
		6DB9102627725EE800B5C47B /* AppDelegate.swift */ = {isa = PBXFileReference; lastKnownFileType = sourcecode.swift; path = AppDelegate.swift; sourceTree = "<group>"; };
		6DB9102F27725EE900B5C47B /* Assets.xcassets */ = {isa = PBXFileReference; lastKnownFileType = folder.assetcatalog; path = Assets.xcassets; sourceTree = "<group>"; };
		6DB9103227725EE900B5C47B /* Base */ = {isa = PBXFileReference; lastKnownFileType = file.storyboard; name = Base; path = Base.lproj/LaunchScreen.storyboard; sourceTree = "<group>"; };
		6DB9103427725EE900B5C47B /* Info.plist */ = {isa = PBXFileReference; lastKnownFileType = text.plist.xml; path = Info.plist; sourceTree = "<group>"; };
		6DE39FA52788F14000C6B370 /* Model.swift */ = {isa = PBXFileReference; lastKnownFileType = sourcecode.swift; path = Model.swift; sourceTree = "<group>"; };
		6DE39FAB278983C000C6B370 /* SetupSections.swift */ = {isa = PBXFileReference; lastKnownFileType = sourcecode.swift; path = SetupSections.swift; sourceTree = "<group>"; };
		6DE39FAD2789841400C6B370 /* VerticalSectionCell.swift */ = {isa = PBXFileReference; lastKnownFileType = sourcecode.swift; path = VerticalSectionCell.swift; sourceTree = "<group>"; };
		6DE39FB1278B289400C6B370 /* HorizontalSectionCell.swift */ = {isa = PBXFileReference; lastKnownFileType = sourcecode.swift; path = HorizontalSectionCell.swift; sourceTree = "<group>"; };
		6DE39FB3278B59B100C6B370 /* SectionHeader.swift */ = {isa = PBXFileReference; lastKnownFileType = sourcecode.swift; path = SectionHeader.swift; sourceTree = "<group>"; };
		6DE39FB7278CAAD000C6B370 /* FirstSectionHeader.swift */ = {isa = PBXFileReference; lastKnownFileType = sourcecode.swift; path = FirstSectionHeader.swift; sourceTree = "<group>"; };
/* End PBXFileReference section */

/* Begin PBXFrameworksBuildPhase section */
		6DB9102027725EE800B5C47B /* Frameworks */ = {
			isa = PBXFrameworksBuildPhase;
			buildActionMask = 2147483647;
			files = (
			);
			runOnlyForDeploymentPostprocessing = 0;
		};
/* End PBXFrameworksBuildPhase section */

/* Begin PBXGroup section */
		6DB9101A27725EE800B5C47B = {
			isa = PBXGroup;
			children = (
				6DB9102527725EE800B5C47B /* HW13 */,
				6DB9102427725EE800B5C47B /* Products */,
			);
			sourceTree = "<group>";
		};
		6DB9102427725EE800B5C47B /* Products */ = {
			isa = PBXGroup;
			children = (
				6DB9102327725EE800B5C47B /* HW13.app */,
			);
			name = Products;
			sourceTree = "<group>";
		};
		6DB9102527725EE800B5C47B /* HW13 */ = {
			isa = PBXGroup;
			children = (
				6DE39FA22788EF7800C6B370 /* Models */,
				6DE39FA12788EF5500C6B370 /* Sources */,
				6DE39F9E2788EE6A00C6B370 /* Resources */,
			);
			path = HW13;
			sourceTree = "<group>";
		};
		6DE39F9E2788EE6A00C6B370 /* Resources */ = {
			isa = PBXGroup;
			children = (
				6DB9102F27725EE900B5C47B /* Assets.xcassets */,
				6DE39F9F2788EE8C00C6B370 /* Configs */,
				6DE39FA02788EE9B00C6B370 /* Storyboards */,
			);
			path = Resources;
			sourceTree = "<group>";
		};
		6DE39F9F2788EE8C00C6B370 /* Configs */ = {
			isa = PBXGroup;
			children = (
				6DB9103427725EE900B5C47B /* Info.plist */,
			);
			path = Configs;
			sourceTree = "<group>";
		};
		6DE39FA02788EE9B00C6B370 /* Storyboards */ = {
			isa = PBXGroup;
			children = (
				6DB9103127725EE900B5C47B /* LaunchScreen.storyboard */,
			);
			path = Storyboards;
			sourceTree = "<group>";
		};
		6DE39FA12788EF5500C6B370 /* Sources */ = {
			isa = PBXGroup;
			children = (
				6DE39FA42788EF9100C6B370 /* App */,
				6DE39FA32788EF8400C6B370 /* Scenes */,
			);
			path = Sources;
			sourceTree = "<group>";
		};
		6DE39FA22788EF7800C6B370 /* Models */ = {
			isa = PBXGroup;
			children = (
				6DE39FA52788F14000C6B370 /* Model.swift */,
			);
			path = Models;
			sourceTree = "<group>";
		};
		6DE39FA32788EF8400C6B370 /* Scenes */ = {
			isa = PBXGroup;
			children = (
				6DE39FA72789837700C6B370 /* FirstTabViewController */,
				6DE39FA82789838500C6B370 /* SecondTabViewController */,
				6DE39FA92789839500C6B370 /* ThirdTabViewController */,
				6DE39FAA2789839F00C6B370 /* FourthTabViewController */,
			);
			path = Scenes;
			sourceTree = "<group>";
		};
		6DE39FA42788EF9100C6B370 /* App */ = {
			isa = PBXGroup;
			children = (
				6DB9102627725EE800B5C47B /* AppDelegate.swift */,
			);
			path = App;
			sourceTree = "<group>";
		};
		6DE39FA72789837700C6B370 /* FirstTabViewController */ = {
			isa = PBXGroup;
			children = (
				6D77602227797AE300F605C9 /* FirstTabViewController.swift */,
			);
			path = FirstTabViewController;
			sourceTree = "<group>";
		};
		6DE39FA82789838500C6B370 /* SecondTabViewController */ = {
			isa = PBXGroup;
			children = (
				6D77602527797BB700F605C9 /* SecondTabViewController.swift */,
			);
			path = SecondTabViewController;
			sourceTree = "<group>";
		};
		6DE39FA92789839500C6B370 /* ThirdTabViewController */ = {
			isa = PBXGroup;
			children = (
				6D77602727797BF900F605C9 /* ThirdTabViewController.swift */,
				6DE39FAD2789841400C6B370 /* VerticalSectionCell.swift */,
				6DE39FB1278B289400C6B370 /* HorizontalSectionCell.swift */,
				6DE39FB3278B59B100C6B370 /* SectionHeader.swift */,
				6DE39FB7278CAAD000C6B370 /* FirstSectionHeader.swift */,
				6DE39FAB278983C000C6B370 /* SetupSections.swift */,
			);
			path = ThirdTabViewController;
			sourceTree = "<group>";
		};
		6DE39FAA2789839F00C6B370 /* FourthTabViewController */ = {
			isa = PBXGroup;
			children = (
				6D77602927797C2400F605C9 /* FourthTabViewController.swift */,
			);
			path = FourthTabViewController;
			sourceTree = "<group>";
		};
/* End PBXGroup section */

/* Begin PBXNativeTarget section */
		6DB9102227725EE800B5C47B /* HW13 */ = {
			isa = PBXNativeTarget;
			buildConfigurationList = 6DB9103727725EE900B5C47B /* Build configuration list for PBXNativeTarget "HW13" */;
			buildPhases = (
				6DB9101F27725EE800B5C47B /* Sources */,
				6DB9102027725EE800B5C47B /* Frameworks */,
				6DB9102127725EE800B5C47B /* Resources */,
			);
			buildRules = (
			);
			dependencies = (
			);
			name = HW13;
			productName = HW13;
			productReference = 6DB9102327725EE800B5C47B /* HW13.app */;
			productType = "com.apple.product-type.application";
		};
/* End PBXNativeTarget section */

/* Begin PBXProject section */
		6DB9101B27725EE800B5C47B /* Project object */ = {
			isa = PBXProject;
			attributes = {
				BuildIndependentTargetsInParallel = 1;
				LastSwiftUpdateCheck = 1320;
				LastUpgradeCheck = 1320;
				TargetAttributes = {
					6DB9102227725EE800B5C47B = {
						CreatedOnToolsVersion = 13.2;
					};
				};
			};
			buildConfigurationList = 6DB9101E27725EE800B5C47B /* Build configuration list for PBXProject "HW13" */;
			compatibilityVersion = "Xcode 13.0";
			developmentRegion = en;
			hasScannedForEncodings = 0;
			knownRegions = (
				en,
				Base,
			);
			mainGroup = 6DB9101A27725EE800B5C47B;
			productRefGroup = 6DB9102427725EE800B5C47B /* Products */;
			projectDirPath = "";
			projectRoot = "";
			targets = (
				6DB9102227725EE800B5C47B /* HW13 */,
			);
		};
/* End PBXProject section */

/* Begin PBXResourcesBuildPhase section */
		6DB9102127725EE800B5C47B /* Resources */ = {
			isa = PBXResourcesBuildPhase;
			buildActionMask = 2147483647;
			files = (
				6DB9103327725EE900B5C47B /* LaunchScreen.storyboard in Resources */,
				6DB9103027725EE900B5C47B /* Assets.xcassets in Resources */,
			);
			runOnlyForDeploymentPostprocessing = 0;
		};
/* End PBXResourcesBuildPhase section */

/* Begin PBXSourcesBuildPhase section */
		6DB9101F27725EE800B5C47B /* Sources */ = {
			isa = PBXSourcesBuildPhase;
			buildActionMask = 2147483647;
			files = (
				6DE39FA62788F14000C6B370 /* Model.swift in Sources */,
				6DE39FB8278CAAD000C6B370 /* FirstSectionHeader.swift in Sources */,
				6DE39FAE2789841400C6B370 /* VerticalSectionCell.swift in Sources */,
				6D77602827797BF900F605C9 /* ThirdTabViewController.swift in Sources */,
				6D77602A27797C2400F605C9 /* FourthTabViewController.swift in Sources */,
				6D77602327797AE300F605C9 /* FirstTabViewController.swift in Sources */,
				6D77602627797BB700F605C9 /* SecondTabViewController.swift in Sources */,
				6DB9102727725EE800B5C47B /* AppDelegate.swift in Sources */,
				6DE39FB4278B59B100C6B370 /* SectionHeader.swift in Sources */,
				6DE39FAC278983C000C6B370 /* SetupSections.swift in Sources */,
				6DE39FB2278B289400C6B370 /* HorizontalSectionCell.swift in Sources */,
			);
			runOnlyForDeploymentPostprocessing = 0;
		};
/* End PBXSourcesBuildPhase section */

/* Begin PBXVariantGroup section */
		6DB9103127725EE900B5C47B /* LaunchScreen.storyboard */ = {
			isa = PBXVariantGroup;
			children = (
				6DB9103227725EE900B5C47B /* Base */,
			);
			name = LaunchScreen.storyboard;
			sourceTree = "<group>";
		};
/* End PBXVariantGroup section */

/* Begin XCBuildConfiguration section */
		6DB9103527725EE900B5C47B /* Debug */ = {
			isa = XCBuildConfiguration;
			buildSettings = {
				ALWAYS_SEARCH_USER_PATHS = NO;
				CLANG_ANALYZER_NONNULL = YES;
				CLANG_ANALYZER_NUMBER_OBJECT_CONVERSION = YES_AGGRESSIVE;
				CLANG_CXX_LANGUAGE_STANDARD = "gnu++17";
				CLANG_CXX_LIBRARY = "libc++";
				CLANG_ENABLE_MODULES = YES;
				CLANG_ENABLE_OBJC_ARC = YES;
				CLANG_ENABLE_OBJC_WEAK = YES;
				CLANG_WARN_BLOCK_CAPTURE_AUTORELEASING = YES;
				CLANG_WARN_BOOL_CONVERSION = YES;
				CLANG_WARN_COMMA = YES;
				CLANG_WARN_CONSTANT_CONVERSION = YES;
				CLANG_WARN_DEPRECATED_OBJC_IMPLEMENTATIONS = YES;
				CLANG_WARN_DIRECT_OBJC_ISA_USAGE = YES_ERROR;
				CLANG_WARN_DOCUMENTATION_COMMENTS = YES;
				CLANG_WARN_EMPTY_BODY = YES;
				CLANG_WARN_ENUM_CONVERSION = YES;
				CLANG_WARN_INFINITE_RECURSION = YES;
				CLANG_WARN_INT_CONVERSION = YES;
				CLANG_WARN_NON_LITERAL_NULL_CONVERSION = YES;
				CLANG_WARN_OBJC_IMPLICIT_RETAIN_SELF = YES;
				CLANG_WARN_OBJC_LITERAL_CONVERSION = YES;
				CLANG_WARN_OBJC_ROOT_CLASS = YES_ERROR;
				CLANG_WARN_QUOTED_INCLUDE_IN_FRAMEWORK_HEADER = YES;
				CLANG_WARN_RANGE_LOOP_ANALYSIS = YES;
				CLANG_WARN_STRICT_PROTOTYPES = YES;
				CLANG_WARN_SUSPICIOUS_MOVE = YES;
				CLANG_WARN_UNGUARDED_AVAILABILITY = YES_AGGRESSIVE;
				CLANG_WARN_UNREACHABLE_CODE = YES;
				CLANG_WARN__DUPLICATE_METHOD_MATCH = YES;
				COPY_PHASE_STRIP = NO;
				DEBUG_INFORMATION_FORMAT = dwarf;
				ENABLE_STRICT_OBJC_MSGSEND = YES;
				ENABLE_TESTABILITY = YES;
				GCC_C_LANGUAGE_STANDARD = gnu11;
				GCC_DYNAMIC_NO_PIC = NO;
				GCC_NO_COMMON_BLOCKS = YES;
				GCC_OPTIMIZATION_LEVEL = 0;
				GCC_PREPROCESSOR_DEFINITIONS = (
					"DEBUG=1",
					"$(inherited)",
				);
				GCC_WARN_64_TO_32_BIT_CONVERSION = YES;
				GCC_WARN_ABOUT_RETURN_TYPE = YES_ERROR;
				GCC_WARN_UNDECLARED_SELECTOR = YES;
				GCC_WARN_UNINITIALIZED_AUTOS = YES_AGGRESSIVE;
				GCC_WARN_UNUSED_FUNCTION = YES;
				GCC_WARN_UNUSED_VARIABLE = YES;
				IPHONEOS_DEPLOYMENT_TARGET = 15.2;
				MTL_ENABLE_DEBUG_INFO = INCLUDE_SOURCE;
				MTL_FAST_MATH = YES;
				ONLY_ACTIVE_ARCH = YES;
				SDKROOT = iphoneos;
				SWIFT_ACTIVE_COMPILATION_CONDITIONS = DEBUG;
				SWIFT_OPTIMIZATION_LEVEL = "-Onone";
			};
			name = Debug;
		};
		6DB9103627725EE900B5C47B /* Release */ = {
			isa = XCBuildConfiguration;
			buildSettings = {
				ALWAYS_SEARCH_USER_PATHS = NO;
				CLANG_ANALYZER_NONNULL = YES;
				CLANG_ANALYZER_NUMBER_OBJECT_CONVERSION = YES_AGGRESSIVE;
				CLANG_CXX_LANGUAGE_STANDARD = "gnu++17";
				CLANG_CXX_LIBRARY = "libc++";
				CLANG_ENABLE_MODULES = YES;
				CLANG_ENABLE_OBJC_ARC = YES;
				CLANG_ENABLE_OBJC_WEAK = YES;
				CLANG_WARN_BLOCK_CAPTURE_AUTORELEASING = YES;
				CLANG_WARN_BOOL_CONVERSION = YES;
				CLANG_WARN_COMMA = YES;
				CLANG_WARN_CONSTANT_CONVERSION = YES;
				CLANG_WARN_DEPRECATED_OBJC_IMPLEMENTATIONS = YES;
				CLANG_WARN_DIRECT_OBJC_ISA_USAGE = YES_ERROR;
				CLANG_WARN_DOCUMENTATION_COMMENTS = YES;
				CLANG_WARN_EMPTY_BODY = YES;
				CLANG_WARN_ENUM_CONVERSION = YES;
				CLANG_WARN_INFINITE_RECURSION = YES;
				CLANG_WARN_INT_CONVERSION = YES;
				CLANG_WARN_NON_LITERAL_NULL_CONVERSION = YES;
				CLANG_WARN_OBJC_IMPLICIT_RETAIN_SELF = YES;
				CLANG_WARN_OBJC_LITERAL_CONVERSION = YES;
				CLANG_WARN_OBJC_ROOT_CLASS = YES_ERROR;
				CLANG_WARN_QUOTED_INCLUDE_IN_FRAMEWORK_HEADER = YES;
				CLANG_WARN_RANGE_LOOP_ANALYSIS = YES;
				CLANG_WARN_STRICT_PROTOTYPES = YES;
				CLANG_WARN_SUSPICIOUS_MOVE = YES;
				CLANG_WARN_UNGUARDED_AVAILABILITY = YES_AGGRESSIVE;
				CLANG_WARN_UNREACHABLE_CODE = YES;
				CLANG_WARN__DUPLICATE_METHOD_MATCH = YES;
				COPY_PHASE_STRIP = NO;
				DEBUG_INFORMATION_FORMAT = "dwarf-with-dsym";
				ENABLE_NS_ASSERTIONS = NO;
				ENABLE_STRICT_OBJC_MSGSEND = YES;
				GCC_C_LANGUAGE_STANDARD = gnu11;
				GCC_NO_COMMON_BLOCKS = YES;
				GCC_WARN_64_TO_32_BIT_CONVERSION = YES;
				GCC_WARN_ABOUT_RETURN_TYPE = YES_ERROR;
				GCC_WARN_UNDECLARED_SELECTOR = YES;
				GCC_WARN_UNINITIALIZED_AUTOS = YES_AGGRESSIVE;
				GCC_WARN_UNUSED_FUNCTION = YES;
				GCC_WARN_UNUSED_VARIABLE = YES;
				IPHONEOS_DEPLOYMENT_TARGET = 15.2;
				MTL_ENABLE_DEBUG_INFO = NO;
				MTL_FAST_MATH = YES;
				SDKROOT = iphoneos;
				SWIFT_COMPILATION_MODE = wholemodule;
				SWIFT_OPTIMIZATION_LEVEL = "-O";
				VALIDATE_PRODUCT = YES;
			};
			name = Release;
		};
		6DB9103827725EE900B5C47B /* Debug */ = {
			isa = XCBuildConfiguration;
			buildSettings = {
				ASSETCATALOG_COMPILER_APPICON_NAME = AppIcon;
				ASSETCATALOG_COMPILER_GLOBAL_ACCENT_COLOR_NAME = AccentColor;
				CODE_SIGN_STYLE = Automatic;
				CURRENT_PROJECT_VERSION = 1;
				DEVELOPMENT_TEAM = ZB4T6SD8SN;
				GENERATE_INFOPLIST_FILE = YES;
				INFOPLIST_FILE = HW13/Resources/Configs/Info.plist;
				INFOPLIST_KEY_UIApplicationSupportsIndirectInputEvents = YES;
				INFOPLIST_KEY_UILaunchStoryboardName = LaunchScreen;
				INFOPLIST_KEY_UIMainStoryboardFile = LaunchScreen;
				INFOPLIST_KEY_UISupportedInterfaceOrientations_iPad = "UIInterfaceOrientationPortrait UIInterfaceOrientationPortraitUpsideDown UIInterfaceOrientationLandscapeLeft UIInterfaceOrientationLandscapeRight";
				INFOPLIST_KEY_UISupportedInterfaceOrientations_iPhone = "UIInterfaceOrientationPortrait UIInterfaceOrientationLandscapeLeft UIInterfaceOrientationLandscapeRight";
				LD_RUNPATH_SEARCH_PATHS = (
					"$(inherited)",
					"@executable_path/Frameworks",
				);
				MARKETING_VERSION = 1.0;
				PRODUCT_BUNDLE_IDENTIFIER = "Petrik-s-team.HW13";
				PRODUCT_NAME = "$(TARGET_NAME)";
				SWIFT_EMIT_LOC_STRINGS = YES;
				SWIFT_VERSION = 5.0;
				TARGETED_DEVICE_FAMILY = 1;
			};
			name = Debug;
		};
		6DB9103927725EE900B5C47B /* Release */ = {
			isa = XCBuildConfiguration;
			buildSettings = {
				ASSETCATALOG_COMPILER_APPICON_NAME = AppIcon;
				ASSETCATALOG_COMPILER_GLOBAL_ACCENT_COLOR_NAME = AccentColor;
				CODE_SIGN_STYLE = Automatic;
				CURRENT_PROJECT_VERSION = 1;
				DEVELOPMENT_TEAM = ZB4T6SD8SN;
				GENERATE_INFOPLIST_FILE = YES;
				INFOPLIST_FILE = HW13/Resources/Configs/Info.plist;
				INFOPLIST_KEY_UIApplicationSupportsIndirectInputEvents = YES;
				INFOPLIST_KEY_UILaunchStoryboardName = LaunchScreen;
				INFOPLIST_KEY_UIMainStoryboardFile = LaunchScreen;
				INFOPLIST_KEY_UISupportedInterfaceOrientations_iPad = "UIInterfaceOrientationPortrait UIInterfaceOrientationPortraitUpsideDown UIInterfaceOrientationLandscapeLeft UIInterfaceOrientationLandscapeRight";
				INFOPLIST_KEY_UISupportedInterfaceOrientations_iPhone = "UIInterfaceOrientationPortrait UIInterfaceOrientationLandscapeLeft UIInterfaceOrientationLandscapeRight";
				LD_RUNPATH_SEARCH_PATHS = (
					"$(inherited)",
					"@executable_path/Frameworks",
				);
				MARKETING_VERSION = 1.0;
				PRODUCT_BUNDLE_IDENTIFIER = "Petrik-s-team.HW13";
				PRODUCT_NAME = "$(TARGET_NAME)";
				SWIFT_EMIT_LOC_STRINGS = YES;
				SWIFT_VERSION = 5.0;
				TARGETED_DEVICE_FAMILY = 1;
			};
			name = Release;
		};
/* End XCBuildConfiguration section */

/* Begin XCConfigurationList section */
		6DB9101E27725EE800B5C47B /* Build configuration list for PBXProject "HW13" */ = {
			isa = XCConfigurationList;
			buildConfigurations = (
				6DB9103527725EE900B5C47B /* Debug */,
				6DB9103627725EE900B5C47B /* Release */,
			);
			defaultConfigurationIsVisible = 0;
			defaultConfigurationName = Release;
		};
		6DB9103727725EE900B5C47B /* Build configuration list for PBXNativeTarget "HW13" */ = {
			isa = XCConfigurationList;
			buildConfigurations = (
				6DB9103827725EE900B5C47B /* Debug */,
				6DB9103927725EE900B5C47B /* Release */,
			);
			defaultConfigurationIsVisible = 0;
			defaultConfigurationName = Release;
		};
/* End XCConfigurationList section */
	};
	rootObject = 6DB9101B27725EE800B5C47B /* Project object */;
}
